
Microsoft Visual Studio Solution File, Format Version 12.00
# Visual Studio Version 17
VisualStudioVersion = 17.7.34031.279
MinimumVisualStudioVersion = 10.0.40219.1
Project("{9092AA53-FB77-4645-B42D-1CCCA6BD08BD}") = "MonorepoTemplate", "MonorepoTemplate.njsproj", "{FB8AF9AC-348E-479E-AD30-835A0234A6FC}"
EndProject
Global
	GlobalSection(SolutionConfigurationPlatforms) = preSolution
		Debug|Any CPU = Debug|Any CPU
		Release|Any CPU = Release|Any CPU
	EndGlobalSection
	GlobalSection(ProjectConfigurationPlatforms) = postSolution
		{FB8AF9AC-348E-479E-AD30-835A0234A6FC}.Debug|Any CPU.ActiveCfg = Debug|Any CPU
		{FB8AF9AC-348E-479E-AD30-835A0234A6FC}.Debug|Any CPU.Build.0 = Debug|Any CPU
		{FB8AF9AC-348E-479E-AD30-835A0234A6FC}.Release|Any CPU.ActiveCfg = Release|Any CPU
		{FB8AF9AC-348E-479E-AD30-835A0234A6FC}.Release|Any CPU.Build.0 = Release|Any CPU
	EndGlobalSection
	GlobalSection(SolutionProperties) = preSolution
		HideSolutionNode = FALSE
	EndGlobalSection
	GlobalSection(ExtensibilityGlobals) = postSolution
		SolutionGuid = {29A778E8-0ED2-4696-8FD8-4664FE223A93}
	EndGlobalSection
EndGlobal
