{
  "name": "monorepo-template",
  "lockfileVersion": 3,
  "requires": true,
  "packages": {
    "": {
      "name": "monorepo-template",
      "workspaces": [
        "packages/backend",
        "packages/frontend",
        "packages/channels"
      ]
    },
    "node_modules/@monorepo-template/backend": {
      "resolved": "packages/backend",
      "link": true
    },
    "node_modules/@monorepo-template/channels": {
      "resolved": "packages/channels",
      "link": true
    },
    "node_modules/@monorepo-template/frontend": {
      "resolved": "packages/frontend",
      "link": true
    },
    "packages/backend": {
      "name": "@monorepo-template/backend",
      "version": "1.0.0",
      "license": "ISC"
    },
    "packages/channels": {
      "name": "@monorepo-template/channels",
      "version": "1.0.0",
      "license": "ISC"
    },
    "packages/frontend": {
      "name": "@monorepo-template/frontend",
      "version": "1.0.0",
      "license": "ISC",
      "dependencies": {
        "@monorepo-template/backend": "1.0.0"
      }
    }
  }
}
